
Microsoft Visual Studio Solution File, Format Version 12.00
# Visual Studio Version 16
VisualStudioVersion = 16.0.30503.244
MinimumVisualStudioVersion = 10.0.40219.1
Project("{FAE04EC0-301F-11D3-BF4B-00C04F79EFBC}") = "NovaPoshtaSampleV0", "NovaPoshtaSampleV0.csproj", "{A2389CE3-50CF-40B8-BC10-1662911F68BD}"
EndProject
Global
	GlobalSection(SolutionConfigurationPlatforms) = preSolution
		Debug|Any CPU = Debug|Any CPU
		Release|Any CPU = Release|Any CPU
	EndGlobalSection
	GlobalSection(ProjectConfigurationPlatforms) = postSolution
		{A2389CE3-50CF-40B8-BC10-1662911F68BD}.Debug|Any CPU.ActiveCfg = Debug|Any CPU
		{A2389CE3-50CF-40B8-BC10-1662911F68BD}.Debug|Any CPU.Build.0 = Debug|Any CPU
		{A2389CE3-50CF-40B8-BC10-1662911F68BD}.Release|Any CPU.ActiveCfg = Release|Any CPU
		{A2389CE3-50CF-40B8-BC10-1662911F68BD}.Release|Any CPU.Build.0 = Release|Any CPU
	EndGlobalSection
	GlobalSection(SolutionProperties) = preSolution
		HideSolutionNode = FALSE
	EndGlobalSection
	GlobalSection(ExtensibilityGlobals) = postSolution
		SolutionGuid = {C1FB3E80-4FB1-44E4-9311-0A3F12B305BB}
	EndGlobalSection
EndGlobal
